
Microsoft Visual Studio Solution File, Format Version 12.00
# Visual Studio Version 16
VisualStudioVersion = 16.0.31515.178
MinimumVisualStudioVersion = 10.0.40219.1
Project("{FAE04EC0-301F-11D3-BF4B-00C04F79EFBC}") = "SeleniumDemo", "SeleniumDemo\SeleniumDemo.csproj", "{5000757E-611F-4735-8E80-1177794F692F}"
EndProject
Global
	GlobalSection(SolutionConfigurationPlatforms) = preSolution
		Debug|Any CPU = Debug|Any CPU
		Release|Any CPU = Release|Any CPU
	EndGlobalSection
	GlobalSection(ProjectConfigurationPlatforms) = postSolution
		{5000757E-611F-4735-8E80-1177794F692F}.Debug|Any CPU.ActiveCfg = Debug|Any CPU
		{5000757E-611F-4735-8E80-1177794F692F}.Debug|Any CPU.Build.0 = Debug|Any CPU
		{5000757E-611F-4735-8E80-1177794F692F}.Release|Any CPU.ActiveCfg = Release|Any CPU
		{5000757E-611F-4735-8E80-1177794F692F}.Release|Any CPU.Build.0 = Release|Any CPU
	EndGlobalSection
	GlobalSection(SolutionProperties) = preSolution
		HideSolutionNode = FALSE
	EndGlobalSection
	GlobalSection(ExtensibilityGlobals) = postSolution
		SolutionGuid = {99E6D754-CE73-497D-9A41-EFB289F825FA}
	EndGlobalSection
EndGlobal
